{
  "originHash" : "0e7dd5c536b91bbe7cee8a221449e25f0026fe774140f1fba9067575c8edd97a",
  "pins" : [
    {
      "identity" : "wwjavascriptcontext",
      "kind" : "remoteSourceControl",
      "location" : "https://github.com/William-Weng/WWJavaScriptContext",
      "state" : {
        "revision" : "6e575659f75d2c50be7ad25ebdae6c9d8f1b164a",
        "version" : "1.1.0"
      }
    }
  ],
  "version" : 3
}
